
Microsoft Visual Studio Solution File, Format Version 12.00
# Visual Studio Version 17
VisualStudioVersion = 17.14.36518.9 d17.14
MinimumVisualStudioVersion = 10.0.40219.1
Project("{FAE04EC0-301F-11D3-BF4B-00C04F79EFBC}") = "Sistema Para Registro Financeiro", "Sistema Para Registro Financeiro\Sistema Para Registro Financeiro.csproj", "{A8C62E59-D7C2-4D12-B086-FFDDF387364A}"
EndProject
Global
	GlobalSection(SolutionConfigurationPlatforms) = preSolution
		Debug|Any CPU = Debug|Any CPU
		Release|Any CPU = Release|Any CPU
	EndGlobalSection
	GlobalSection(ProjectConfigurationPlatforms) = postSolution
		{A8C62E59-D7C2-4D12-B086-FFDDF387364A}.Debug|Any CPU.ActiveCfg = Debug|Any CPU
		{A8C62E59-D7C2-4D12-B086-FFDDF387364A}.Debug|Any CPU.Build.0 = Debug|Any CPU
		{A8C62E59-D7C2-4D12-B086-FFDDF387364A}.Release|Any CPU.ActiveCfg = Release|Any CPU
		{A8C62E59-D7C2-4D12-B086-FFDDF387364A}.Release|Any CPU.Build.0 = Release|Any CPU
	EndGlobalSection
	GlobalSection(SolutionProperties) = preSolution
		HideSolutionNode = FALSE
	EndGlobalSection
	GlobalSection(ExtensibilityGlobals) = postSolution
		SolutionGuid = {0BDFA44E-A90D-40EC-919B-91E475CCED52}
	EndGlobalSection
EndGlobal
